
Microsoft Visual Studio Solution File, Format Version 12.00
# Visual Studio Version 16
VisualStudioVersion = 16.0.30907.101
MinimumVisualStudioVersion = 10.0.40219.1
Project("{8BC9CEB8-8B4A-11D0-8D11-00A0C91BC942}") = "Q4-Review", "Q4-Review\Q4-Review.vcxproj", "{BCE82B76-B734-495C-8F0E-2C7BB0633AA4}"
EndProject
Global
	GlobalSection(SolutionConfigurationPlatforms) = preSolution
		Debug|x64 = Debug|x64
		Debug|x86 = Debug|x86
		Release|x64 = Release|x64
		Release|x86 = Release|x86
	EndGlobalSection
	GlobalSection(ProjectConfigurationPlatforms) = postSolution
		{BCE82B76-B734-495C-8F0E-2C7BB0633AA4}.Debug|x64.ActiveCfg = Debug|x64
		{BCE82B76-B734-495C-8F0E-2C7BB0633AA4}.Debug|x64.Build.0 = Debug|x64
		{BCE82B76-B734-495C-8F0E-2C7BB0633AA4}.Debug|x86.ActiveCfg = Debug|Win32
		{BCE82B76-B734-495C-8F0E-2C7BB0633AA4}.Debug|x86.Build.0 = Debug|Win32
		{BCE82B76-B734-495C-8F0E-2C7BB0633AA4}.Release|x64.ActiveCfg = Release|x64
		{BCE82B76-B734-495C-8F0E-2C7BB0633AA4}.Release|x64.Build.0 = Release|x64
		{BCE82B76-B734-495C-8F0E-2C7BB0633AA4}.Release|x86.ActiveCfg = Release|Win32
		{BCE82B76-B734-495C-8F0E-2C7BB0633AA4}.Release|x86.Build.0 = Release|Win32
	EndGlobalSection
	GlobalSection(SolutionProperties) = preSolution
		HideSolutionNode = FALSE
	EndGlobalSection
	GlobalSection(ExtensibilityGlobals) = postSolution
		SolutionGuid = {1D65433F-3EE7-4D7B-9882-F9BED9D5DCF8}
	EndGlobalSection
EndGlobal
